
Microsoft Visual Studio Solution File, Format Version 12.00
# Visual Studio Version 17
VisualStudioVersion = 17.11.35219.272
MinimumVisualStudioVersion = 10.0.40219.1
Project("{FAE04EC0-301F-11D3-BF4B-00C04F79EFBC}") = "WebApiCopyPastUtils", "WebApiCopyPastUtils\WebApiCopyPastUtils.csproj", "{27D2C3CB-F6BE-453D-B1A5-E9EDEC19B881}"
EndProject
Global
	GlobalSection(SolutionConfigurationPlatforms) = preSolution
		Debug|Any CPU = Debug|Any CPU
		Release|Any CPU = Release|Any CPU
	EndGlobalSection
	GlobalSection(ProjectConfigurationPlatforms) = postSolution
		{27D2C3CB-F6BE-453D-B1A5-E9EDEC19B881}.Debug|Any CPU.ActiveCfg = Debug|Any CPU
		{27D2C3CB-F6BE-453D-B1A5-E9EDEC19B881}.Debug|Any CPU.Build.0 = Debug|Any CPU
		{27D2C3CB-F6BE-453D-B1A5-E9EDEC19B881}.Release|Any CPU.ActiveCfg = Release|Any CPU
		{27D2C3CB-F6BE-453D-B1A5-E9EDEC19B881}.Release|Any CPU.Build.0 = Release|Any CPU
	EndGlobalSection
	GlobalSection(SolutionProperties) = preSolution
		HideSolutionNode = FALSE
	EndGlobalSection
	GlobalSection(ExtensibilityGlobals) = postSolution
		SolutionGuid = {AB6F39C5-007A-4122-B9B2-F0CDF0823267}
	EndGlobalSection
EndGlobal
